
Microsoft Visual Studio Solution File, Format Version 12.00
# Visual Studio Version 17
VisualStudioVersion = 17.5.33516.290
MinimumVisualStudioVersion = 10.0.40219.1
Project("{FAE04EC0-301F-11D3-BF4B-00C04F79EFBC}") = "What is your name", "What is your name.csproj", "{3D1F9665-4C38-4701-8618-AA91D9005F27}"
EndProject
Project("{2150E333-8FDC-42A3-9474-1A3956D46DE8}") = "Элементы решения", "Элементы решения", "{EF5920F3-ACD2-4BB5-89F1-942DA7E9B88E}"
	ProjectSection(SolutionItems) = preProject
		text.txt = text.txt
	EndProjectSection
EndProject
Global
	GlobalSection(SolutionConfigurationPlatforms) = preSolution
		Debug|Any CPU = Debug|Any CPU
		Release|Any CPU = Release|Any CPU
	EndGlobalSection
	GlobalSection(ProjectConfigurationPlatforms) = postSolution
		{3D1F9665-4C38-4701-8618-AA91D9005F27}.Debug|Any CPU.ActiveCfg = Debug|Any CPU
		{3D1F9665-4C38-4701-8618-AA91D9005F27}.Debug|Any CPU.Build.0 = Debug|Any CPU
		{3D1F9665-4C38-4701-8618-AA91D9005F27}.Release|Any CPU.ActiveCfg = Release|Any CPU
		{3D1F9665-4C38-4701-8618-AA91D9005F27}.Release|Any CPU.Build.0 = Release|Any CPU
	EndGlobalSection
	GlobalSection(SolutionProperties) = preSolution
		HideSolutionNode = FALSE
	EndGlobalSection
	GlobalSection(ExtensibilityGlobals) = postSolution
		SolutionGuid = {C8AAB506-7FFE-4449-9F71-C67706254077}
	EndGlobalSection
EndGlobal
